// !$*UTF8*$!
{
	archiveVersion = 1;
	classes = {
	};
	objectVersion = 46;
	objects = {

/* Begin PBXBuildFile section */
		901828ED1E49EFC600FDC42B /* AppDelegate.swift in Sources */ = {isa = PBXBuildFile; fileRef = 901828EC1E49EFC600FDC42B /* AppDelegate.swift */; };
		901828EF1E49EFC600FDC42B /* ViewController.swift in Sources */ = {isa = PBXBuildFile; fileRef = 901828EE1E49EFC600FDC42B /* ViewController.swift */; };
		901828F21E49EFC600FDC42B /* Main.storyboard in Resources */ = {isa = PBXBuildFile; fileRef = 901828F01E49EFC600FDC42B /* Main.storyboard */; };
		901828F41E49EFC600FDC42B /* Assets.xcassets in Resources */ = {isa = PBXBuildFile; fileRef = 901828F31E49EFC600FDC42B /* Assets.xcassets */; };
		901828F71E49EFC600FDC42B /* LaunchScreen.storyboard in Resources */ = {isa = PBXBuildFile; fileRef = 901828F51E49EFC600FDC42B /* LaunchScreen.storyboard */; };
/* End PBXBuildFile section */

/* Begin PBXFileReference section */
		901828E91E49EFC600FDC42B /* VisualFormatLanguage.app */ = {isa = PBXFileReference; explicitFileType = wrapper.application; includeInIndex = 0; path = VisualFormatLanguage.app; sourceTree = BUILT_PRODUCTS_DIR; };
		901828EC1E49EFC600FDC42B /* AppDelegate.swift */ = {isa = PBXFileReference; lastKnownFileType = sourcecode.swift; path = AppDelegate.swift; sourceTree = "<group>"; };
		901828EE1E49EFC600FDC42B /* ViewController.swift */ = {isa = PBXFileReference; lastKnownFileType = sourcecode.swift; path = ViewController.swift; sourceTree = "<group>"; };
		901828F11E49EFC600FDC42B /* Base */ = {isa = PBXFileReference; lastKnownFileType = file.storyboard; name = Base; path = Base.lproj/Main.storyboard; sourceTree = "<group>"; };
		901828F31E49EFC600FDC42B /* Assets.xcassets */ = {isa = PBXFileReference; lastKnownFileType = folder.assetcatalog; path = Assets.xcassets; sourceTree = "<group>"; };
		901828F61E49EFC600FDC42B /* Base */ = {isa = PBXFileReference; lastKnownFileType = file.storyboard; name = Base; path = Base.lproj/LaunchScreen.storyboard; sourceTree = "<group>"; };
		901828F81E49EFC600FDC42B /* Info.plist */ = {isa = PBXFileReference; lastKnownFileType = text.plist.xml; path = Info.plist; sourceTree = "<group>"; };
/* End PBXFileReference section */

/* Begin PBXFrameworksBuildPhase section */
		901828E61E49EFC500FDC42B /* Frameworks */ = {
			isa = PBXFrameworksBuildPhase;
			buildActionMask = 2147483647;
			files = (
			);
			runOnlyForDeploymentPostprocessing = 0;
		};
/* End PBXFrameworksBuildPhase section */

/* Begin PBXGroup section */
		901828E01E49EFC500FDC42B = {
			isa = PBXGroup;
			children = (
				901828EB1E49EFC600FDC42B /* VisualFormatLanguage */,
				901828EA1E49EFC600FDC42B /* Products */,
			);
			sourceTree = "<group>";
		};
		901828EA1E49EFC600FDC42B /* Products */ = {
			isa = PBXGroup;
			children = (
				901828E91E49EFC600FDC42B /* VisualFormatLanguage.app */,
			);
			name = Products;
			sourceTree = "<group>";
		};
		901828EB1E49EFC600FDC42B /* VisualFormatLanguage */ = {
			isa = PBXGroup;
			children = (
				901828EC1E49EFC600FDC42B /* AppDelegate.swift */,
				901828EE1E49EFC600FDC42B /* ViewController.swift */,
				901828F01E49EFC600FDC42B /* Main.storyboard */,
				901828F31E49EFC600FDC42B /* Assets.xcassets */,
				901828F51E49EFC600FDC42B /* LaunchScreen.storyboard */,
				901828F81E49EFC600FDC42B /* Info.plist */,
			);
			path = VisualFormatLanguage;
			sourceTree = "<group>";
		};
/* End PBXGroup section */

/* Begin PBXNativeTarget section */
		901828E81E49EFC500FDC42B /* VisualFormatLanguage */ = {
			isa = PBXNativeTarget;
			buildConfigurationList = 901828FB1E49EFC600FDC42B /* Build configuration list for PBXNativeTarget "VisualFormatLanguage" */;
			buildPhases = (
				901828E51E49EFC500FDC42B /* Sources */,
				901828E61E49EFC500FDC42B /* Frameworks */,
				901828E71E49EFC500FDC42B /* Resources */,
			);
			buildRules = (
			);
			dependencies = (
			);
			name = VisualFormatLanguage;
			productName = VisualFormatLanguage;
			productReference = 901828E91E49EFC600FDC42B /* VisualFormatLanguage.app */;
			productType = "com.apple.product-type.application";
		};
/* End PBXNativeTarget section */

/* Begin PBXProject section */
		901828E11E49EFC500FDC42B /* Project object */ = {
			isa = PBXProject;
			attributes = {
				LastSwiftUpdateCheck = 0820;
				LastUpgradeCheck = 0820;
				ORGANIZATIONNAME = "Andrii Halabuda";
				TargetAttributes = {
					901828E81E49EFC500FDC42B = {
						CreatedOnToolsVersion = 8.2.1;
						DevelopmentTeam = PTRW36GG78;
						ProvisioningStyle = Automatic;
					};
				};
			};
			buildConfigurationList = 901828E41E49EFC500FDC42B /* Build configuration list for PBXProject "VisualFormatLanguage" */;
			compatibilityVersion = "Xcode 3.2";
			developmentRegion = English;
			hasScannedForEncodings = 0;
			knownRegions = (
				en,
				Base,
			);
			mainGroup = 901828E01E49EFC500FDC42B;
			productRefGroup = 901828EA1E49EFC600FDC42B /* Products */;
			projectDirPath = "";
			projectRoot = "";
			targets = (
				901828E81E49EFC500FDC42B /* VisualFormatLanguage */,
			);
		};
/* End PBXProject section */

/* Begin PBXResourcesBuildPhase section */
		901828E71E49EFC500FDC42B /* Resources */ = {
			isa = PBXResourcesBuildPhase;
			buildActionMask = 2147483647;
			files = (
				901828F71E49EFC600FDC42B /* LaunchScreen.storyboard in Resources */,
				901828F41E49EFC600FDC42B /* Assets.xcassets in Resources */,
				901828F21E49EFC600FDC42B /* Main.storyboard in Resources */,
			);
			runOnlyForDeploymentPostprocessing = 0;
		};
/* End PBXResourcesBuildPhase section */

/* Begin PBXSourcesBuildPhase section */
		901828E51E49EFC500FDC42B /* Sources */ = {
			isa = PBXSourcesBuildPhase;
			buildActionMask = 2147483647;
			files = (
				901828EF1E49EFC600FDC42B /* ViewController.swift in Sources */,
				901828ED1E49EFC600FDC42B /* AppDelegate.swift in Sources */,
			);
			runOnlyForDeploymentPostprocessing = 0;
		};
/* End PBXSourcesBuildPhase section */

/* Begin PBXVariantGroup section */
		901828F01E49EFC600FDC42B /* Main.storyboard */ = {
			isa = PBXVariantGroup;
			children = (
				901828F11E49EFC600FDC42B /* Base */,
			);
			name = Main.storyboard;
			sourceTree = "<group>";
		};
		901828F51E49EFC600FDC42B /* LaunchScreen.storyboard */ = {
			isa = PBXVariantGroup;
			children = (
				901828F61E49EFC600FDC42B /* Base */,
			);
			name = LaunchScreen.storyboard;
			sourceTree = "<group>";
		};
/* End PBXVariantGroup section */

/* Begin XCBuildConfiguration section */
		901828F91E49EFC600FDC42B /* Debug */ = {
			isa = XCBuildConfiguration;
			buildSettings = {
				ALWAYS_SEARCH_USER_PATHS = NO;
				CLANG_ANALYZER_NONNULL = YES;
				CLANG_CXX_LANGUAGE_STANDARD = "gnu++0x";
				CLANG_CXX_LIBRARY = "libc++";
				CLANG_ENABLE_MODULES = YES;
				CLANG_ENABLE_OBJC_ARC = YES;
				CLANG_WARN_BOOL_CONVERSION = YES;
				CLANG_WARN_CONSTANT_CONVERSION = YES;
				CLANG_WARN_DIRECT_OBJC_ISA_USAGE = YES_ERROR;
				CLANG_WARN_DOCUMENTATION_COMMENTS = YES;
				CLANG_WARN_EMPTY_BODY = YES;
				CLANG_WARN_ENUM_CONVERSION = YES;
				CLANG_WARN_INFINITE_RECURSION = YES;
				CLANG_WARN_INT_CONVERSION = YES;
				CLANG_WARN_OBJC_ROOT_CLASS = YES_ERROR;
				CLANG_WARN_SUSPICIOUS_MOVE = YES;
				CLANG_WARN_UNREACHABLE_CODE = YES;
				CLANG_WARN__DUPLICATE_METHOD_MATCH = YES;
				"CODE_SIGN_IDENTITY[sdk=iphoneos*]" = "iPhone Developer";
				COPY_PHASE_STRIP = NO;
				DEBUG_INFORMATION_FORMAT = dwarf;
				ENABLE_STRICT_OBJC_MSGSEND = YES;
				ENABLE_TESTABILITY = YES;
				GCC_C_LANGUAGE_STANDARD = gnu99;
				GCC_DYNAMIC_NO_PIC = NO;
				GCC_NO_COMMON_BLOCKS = YES;
				GCC_OPTIMIZATION_LEVEL = 0;
				GCC_PREPROCESSOR_DEFINITIONS = (
					"DEBUG=1",
					"$(inherited)",
				);
				GCC_WARN_64_TO_32_BIT_CONVERSION = YES;
				GCC_WARN_ABOUT_RETURN_TYPE = YES_ERROR;
				GCC_WARN_UNDECLARED_SELECTOR = YES;
				GCC_WARN_UNINITIALIZED_AUTOS = YES_AGGRESSIVE;
				GCC_WARN_UNUSED_FUNCTION = YES;
				GCC_WARN_UNUSED_VARIABLE = YES;
				IPHONEOS_DEPLOYMENT_TARGET = 10.2;
				MTL_ENABLE_DEBUG_INFO = YES;
				ONLY_ACTIVE_ARCH = YES;
				SDKROOT = iphoneos;
				SWIFT_ACTIVE_COMPILATION_CONDITIONS = DEBUG;
				SWIFT_OPTIMIZATION_LEVEL = "-Onone";
				TARGETED_DEVICE_FAMILY = "1,2";
			};
			name = Debug;
		};
		901828FA1E49EFC600FDC42B /* Release */ = {
			isa = XCBuildConfiguration;
			buildSettings = {
				ALWAYS_SEARCH_USER_PATHS = NO;
				CLANG_ANALYZER_NONNULL = YES;
				CLANG_CXX_LANGUAGE_STANDARD = "gnu++0x";
				CLANG_CXX_LIBRARY = "libc++";
				CLANG_ENABLE_MODULES = YES;
				CLANG_ENABLE_OBJC_ARC = YES;
				CLANG_WARN_BOOL_CONVERSION = YES;
				CLANG_WARN_CONSTANT_CONVERSION = YES;
				CLANG_WARN_DIRECT_OBJC_ISA_USAGE = YES_ERROR;
				CLANG_WARN_DOCUMENTATION_COMMENTS = YES;
				CLANG_WARN_EMPTY_BODY = YES;
				CLANG_WARN_ENUM_CONVERSION = YES;
				CLANG_WARN_INFINITE_RECURSION = YES;
				CLANG_WARN_INT_CONVERSION = YES;
				CLANG_WARN_OBJC_ROOT_CLASS = YES_ERROR;
				CLANG_WARN_SUSPICIOUS_MOVE = YES;
				CLANG_WARN_UNREACHABLE_CODE = YES;
				CLANG_WARN__DUPLICATE_METHOD_MATCH = YES;
				"CODE_SIGN_IDENTITY[sdk=iphoneos*]" = "iPhone Developer";
				COPY_PHASE_STRIP = NO;
				DEBUG_INFORMATION_FORMAT = "dwarf-with-dsym";
				ENABLE_NS_ASSERTIONS = NO;
				ENABLE_STRICT_OBJC_MSGSEND = YES;
				GCC_C_LANGUAGE_STANDARD = gnu99;
				GCC_NO_COMMON_BLOCKS = YES;
				GCC_WARN_64_TO_32_BIT_CONVERSION = YES;
				GCC_WARN_ABOUT_RETURN_TYPE = YES_ERROR;
				GCC_WARN_UNDECLARED_SELECTOR = YES;
				GCC_WARN_UNINITIALIZED_AUTOS = YES_AGGRESSIVE;
				GCC_WARN_UNUSED_FUNCTION = YES;
				GCC_WARN_UNUSED_VARIABLE = YES;
				IPHONEOS_DEPLOYMENT_TARGET = 10.2;
				MTL_ENABLE_DEBUG_INFO = NO;
				SDKROOT = iphoneos;
				SWIFT_OPTIMIZATION_LEVEL = "-Owholemodule";
				TARGETED_DEVICE_FAMILY = "1,2";
				VALIDATE_PRODUCT = YES;
			};
			name = Release;
		};
		901828FC1E49EFC600FDC42B /* Debug */ = {
			isa = XCBuildConfiguration;
			buildSettings = {
				ASSETCATALOG_COMPILER_APPICON_NAME = AppIcon;
				DEVELOPMENT_TEAM = PTRW36GG78;
				INFOPLIST_FILE = VisualFormatLanguage/Info.plist;
				LD_RUNPATH_SEARCH_PATHS = "$(inherited) @executable_path/Frameworks";
				PRODUCT_BUNDLE_IDENTIFIER = com.losAngelesBoy.VisualFormatLanguage;
				PRODUCT_NAME = "$(TARGET_NAME)";
				SWIFT_VERSION = 3.0;
			};
			name = Debug;
		};
		901828FD1E49EFC600FDC42B /* Release */ = {
			isa = XCBuildConfiguration;
			buildSettings = {
				ASSETCATALOG_COMPILER_APPICON_NAME = AppIcon;
				DEVELOPMENT_TEAM = PTRW36GG78;
				INFOPLIST_FILE = VisualFormatLanguage/Info.plist;
				LD_RUNPATH_SEARCH_PATHS = "$(inherited) @executable_path/Frameworks";
				PRODUCT_BUNDLE_IDENTIFIER = com.losAngelesBoy.VisualFormatLanguage;
				PRODUCT_NAME = "$(TARGET_NAME)";
				SWIFT_VERSION = 3.0;
			};
			name = Release;
		};
/* End XCBuildConfiguration section */

/* Begin XCConfigurationList section */
		901828E41E49EFC500FDC42B /* Build configuration list for PBXProject "VisualFormatLanguage" */ = {
			isa = XCConfigurationList;
			buildConfigurations = (
				901828F91E49EFC600FDC42B /* Debug */,
				901828FA1E49EFC600FDC42B /* Release */,
			);
			defaultConfigurationIsVisible = 0;
			defaultConfigurationName = Release;
		};
		901828FB1E49EFC600FDC42B /* Build configuration list for PBXNativeTarget "VisualFormatLanguage" */ = {
			isa = XCConfigurationList;
			buildConfigurations = (
				901828FC1E49EFC600FDC42B /* Debug */,
				901828FD1E49EFC600FDC42B /* Release */,
			);
			defaultConfigurationIsVisible = 0;
		};
/* End XCConfigurationList section */
	};
	rootObject = 901828E11E49EFC500FDC42B /* Project object */;
}
